// !$*UTF8*$!
{
	archiveVersion = 1;
	classes = {
	};
	objectVersion = 50;
	objects = {

/* Begin PBXBuildFile section */
		045AEF057CD28542D147D8A6 /* Pods_TumblrLabUITests.framework in Frameworks */ = {isa = PBXBuildFile; fileRef = 2D4874DAE5224305BEAB4B9F /* Pods_TumblrLabUITests.framework */; };
		2DD17A2E38063D644301CC23 /* Pods_TumblrLabTests.framework in Frameworks */ = {isa = PBXBuildFile; fileRef = 7FDF46A29290009717566CFE /* Pods_TumblrLabTests.framework */; };
		946D59F12234AE3000AB6AEE /* PhotoCell.swift in Sources */ = {isa = PBXBuildFile; fileRef = 946D59F02234AE3000AB6AEE /* PhotoCell.swift */; };
		949EBFC22231D55200C090CE /* AppDelegate.swift in Sources */ = {isa = PBXBuildFile; fileRef = 949EBFC12231D55200C090CE /* AppDelegate.swift */; };
		949EBFC72231D55300C090CE /* Main.storyboard in Resources */ = {isa = PBXBuildFile; fileRef = 949EBFC52231D55300C090CE /* Main.storyboard */; };
		949EBFC92231D55800C090CE /* Assets.xcassets in Resources */ = {isa = PBXBuildFile; fileRef = 949EBFC82231D55800C090CE /* Assets.xcassets */; };
		949EBFCC2231D55800C090CE /* LaunchScreen.storyboard in Resources */ = {isa = PBXBuildFile; fileRef = 949EBFCA2231D55800C090CE /* LaunchScreen.storyboard */; };
		949EBFD72231D55800C090CE /* TumblrLabTests.swift in Sources */ = {isa = PBXBuildFile; fileRef = 949EBFD62231D55800C090CE /* TumblrLabTests.swift */; };
		949EBFE22231D55800C090CE /* TumblrLabUITests.swift in Sources */ = {isa = PBXBuildFile; fileRef = 949EBFE12231D55800C090CE /* TumblrLabUITests.swift */; };
		949EBFF02231D5D300C090CE /* PhotosViewController.swift in Sources */ = {isa = PBXBuildFile; fileRef = 949EBFEF2231D5D300C090CE /* PhotosViewController.swift */; };
		99225317D0A438A93B9E65A6 /* Pods_TumblrLab.framework in Frameworks */ = {isa = PBXBuildFile; fileRef = 5A4C4B2C910DAEC36C6DA918 /* Pods_TumblrLab.framework */; };
/* End PBXBuildFile section */

/* Begin PBXContainerItemProxy section */
		949EBFD32231D55800C090CE /* PBXContainerItemProxy */ = {
			isa = PBXContainerItemProxy;
			containerPortal = 949EBFB62231D55200C090CE /* Project object */;
			proxyType = 1;
			remoteGlobalIDString = 949EBFBD2231D55200C090CE;
			remoteInfo = TumblrLab;
		};
		949EBFDE2231D55800C090CE /* PBXContainerItemProxy */ = {
			isa = PBXContainerItemProxy;
			containerPortal = 949EBFB62231D55200C090CE /* Project object */;
			proxyType = 1;
			remoteGlobalIDString = 949EBFBD2231D55200C090CE;
			remoteInfo = TumblrLab;
		};
/* End PBXContainerItemProxy section */

/* Begin PBXFileReference section */
		2D4874DAE5224305BEAB4B9F /* Pods_TumblrLabUITests.framework */ = {isa = PBXFileReference; explicitFileType = wrapper.framework; includeInIndex = 0; path = Pods_TumblrLabUITests.framework; sourceTree = BUILT_PRODUCTS_DIR; };
		3ABB4EEC29833AB9D527D655 /* Pods-TumblrLabTests.release.xcconfig */ = {isa = PBXFileReference; includeInIndex = 1; lastKnownFileType = text.xcconfig; name = "Pods-TumblrLabTests.release.xcconfig"; path = "Target Support Files/Pods-TumblrLabTests/Pods-TumblrLabTests.release.xcconfig"; sourceTree = "<group>"; };
		5A4C4B2C910DAEC36C6DA918 /* Pods_TumblrLab.framework */ = {isa = PBXFileReference; explicitFileType = wrapper.framework; includeInIndex = 0; path = Pods_TumblrLab.framework; sourceTree = BUILT_PRODUCTS_DIR; };
		7FDF46A29290009717566CFE /* Pods_TumblrLabTests.framework */ = {isa = PBXFileReference; explicitFileType = wrapper.framework; includeInIndex = 0; path = Pods_TumblrLabTests.framework; sourceTree = BUILT_PRODUCTS_DIR; };
		946D59F02234AE3000AB6AEE /* PhotoCell.swift */ = {isa = PBXFileReference; lastKnownFileType = sourcecode.swift; path = PhotoCell.swift; sourceTree = "<group>"; };
		949EBFBE2231D55200C090CE /* TumblrLab.app */ = {isa = PBXFileReference; explicitFileType = wrapper.application; includeInIndex = 0; path = TumblrLab.app; sourceTree = BUILT_PRODUCTS_DIR; };
		949EBFC12231D55200C090CE /* AppDelegate.swift */ = {isa = PBXFileReference; lastKnownFileType = sourcecode.swift; path = AppDelegate.swift; sourceTree = "<group>"; };
		949EBFC62231D55300C090CE /* Base */ = {isa = PBXFileReference; lastKnownFileType = file.storyboard; name = Base; path = Base.lproj/Main.storyboard; sourceTree = "<group>"; };
		949EBFC82231D55800C090CE /* Assets.xcassets */ = {isa = PBXFileReference; lastKnownFileType = folder.assetcatalog; path = Assets.xcassets; sourceTree = "<group>"; };
		949EBFCB2231D55800C090CE /* Base */ = {isa = PBXFileReference; lastKnownFileType = file.storyboard; name = Base; path = Base.lproj/LaunchScreen.storyboard; sourceTree = "<group>"; };
		949EBFCD2231D55800C090CE /* Info.plist */ = {isa = PBXFileReference; lastKnownFileType = text.plist.xml; path = Info.plist; sourceTree = "<group>"; };
		949EBFD22231D55800C090CE /* TumblrLabTests.xctest */ = {isa = PBXFileReference; explicitFileType = wrapper.cfbundle; includeInIndex = 0; path = TumblrLabTests.xctest; sourceTree = BUILT_PRODUCTS_DIR; };
		949EBFD62231D55800C090CE /* TumblrLabTests.swift */ = {isa = PBXFileReference; lastKnownFileType = sourcecode.swift; path = TumblrLabTests.swift; sourceTree = "<group>"; };
		949EBFD82231D55800C090CE /* Info.plist */ = {isa = PBXFileReference; lastKnownFileType = text.plist.xml; path = Info.plist; sourceTree = "<group>"; };
		949EBFDD2231D55800C090CE /* TumblrLabUITests.xctest */ = {isa = PBXFileReference; explicitFileType = wrapper.cfbundle; includeInIndex = 0; path = TumblrLabUITests.xctest; sourceTree = BUILT_PRODUCTS_DIR; };
		949EBFE12231D55800C090CE /* TumblrLabUITests.swift */ = {isa = PBXFileReference; lastKnownFileType = sourcecode.swift; path = TumblrLabUITests.swift; sourceTree = "<group>"; };
		949EBFE32231D55900C090CE /* Info.plist */ = {isa = PBXFileReference; lastKnownFileType = text.plist.xml; path = Info.plist; sourceTree = "<group>"; };
		949EBFEF2231D5D300C090CE /* PhotosViewController.swift */ = {isa = PBXFileReference; lastKnownFileType = sourcecode.swift; path = PhotosViewController.swift; sourceTree = "<group>"; };
		9BCF13E33227F04C4EEA5DFA /* Pods-TumblrLabTests.debug.xcconfig */ = {isa = PBXFileReference; includeInIndex = 1; lastKnownFileType = text.xcconfig; name = "Pods-TumblrLabTests.debug.xcconfig"; path = "Target Support Files/Pods-TumblrLabTests/Pods-TumblrLabTests.debug.xcconfig"; sourceTree = "<group>"; };
		A89108297797780B1CFFBD3D /* Pods-TumblrLab.debug.xcconfig */ = {isa = PBXFileReference; includeInIndex = 1; lastKnownFileType = text.xcconfig; name = "Pods-TumblrLab.debug.xcconfig"; path = "Target Support Files/Pods-TumblrLab/Pods-TumblrLab.debug.xcconfig"; sourceTree = "<group>"; };
		CDE147AFCF893141060AF68E /* Pods-TumblrLab.release.xcconfig */ = {isa = PBXFileReference; includeInIndex = 1; lastKnownFileType = text.xcconfig; name = "Pods-TumblrLab.release.xcconfig"; path = "Target Support Files/Pods-TumblrLab/Pods-TumblrLab.release.xcconfig"; sourceTree = "<group>"; };
		D2EDA1D941D60580187E35AB /* Pods-TumblrLabUITests.debug.xcconfig */ = {isa = PBXFileReference; includeInIndex = 1; lastKnownFileType = text.xcconfig; name = "Pods-TumblrLabUITests.debug.xcconfig"; path = "Target Support Files/Pods-TumblrLabUITests/Pods-TumblrLabUITests.debug.xcconfig"; sourceTree = "<group>"; };
		DACCE18728632632068E9DF2 /* Pods-TumblrLabUITests.release.xcconfig */ = {isa = PBXFileReference; includeInIndex = 1; lastKnownFileType = text.xcconfig; name = "Pods-TumblrLabUITests.release.xcconfig"; path = "Target Support Files/Pods-TumblrLabUITests/Pods-TumblrLabUITests.release.xcconfig"; sourceTree = "<group>"; };
/* End PBXFileReference section */

/* Begin PBXFrameworksBuildPhase section */
		949EBFBB2231D55200C090CE /* Frameworks */ = {
			isa = PBXFrameworksBuildPhase;
			buildActionMask = 2147483647;
			files = (
				99225317D0A438A93B9E65A6 /* Pods_TumblrLab.framework in Frameworks */,
			);
			runOnlyForDeploymentPostprocessing = 0;
		};
		949EBFCF2231D55800C090CE /* Frameworks */ = {
			isa = PBXFrameworksBuildPhase;
			buildActionMask = 2147483647;
			files = (
				2DD17A2E38063D644301CC23 /* Pods_TumblrLabTests.framework in Frameworks */,
			);
			runOnlyForDeploymentPostprocessing = 0;
		};
		949EBFDA2231D55800C090CE /* Frameworks */ = {
			isa = PBXFrameworksBuildPhase;
			buildActionMask = 2147483647;
			files = (
				045AEF057CD28542D147D8A6 /* Pods_TumblrLabUITests.framework in Frameworks */,
			);
			runOnlyForDeploymentPostprocessing = 0;
		};
/* End PBXFrameworksBuildPhase section */

/* Begin PBXGroup section */
		8D7C2D5DB6B75F4BB8A7DAA3 /* Frameworks */ = {
			isa = PBXGroup;
			children = (
				5A4C4B2C910DAEC36C6DA918 /* Pods_TumblrLab.framework */,
				7FDF46A29290009717566CFE /* Pods_TumblrLabTests.framework */,
				2D4874DAE5224305BEAB4B9F /* Pods_TumblrLabUITests.framework */,
			);
			name = Frameworks;
			sourceTree = "<group>";
		};
		949EBFB52231D55200C090CE = {
			isa = PBXGroup;
			children = (
				949EBFC02231D55200C090CE /* TumblrLab */,
				949EBFD52231D55800C090CE /* TumblrLabTests */,
				949EBFE02231D55800C090CE /* TumblrLabUITests */,
				949EBFBF2231D55200C090CE /* Products */,
				A279C262994ED3CC01EEC5FB /* Pods */,
				8D7C2D5DB6B75F4BB8A7DAA3 /* Frameworks */,
			);
			sourceTree = "<group>";
		};
		949EBFBF2231D55200C090CE /* Products */ = {
			isa = PBXGroup;
			children = (
				949EBFBE2231D55200C090CE /* TumblrLab.app */,
				949EBFD22231D55800C090CE /* TumblrLabTests.xctest */,
				949EBFDD2231D55800C090CE /* TumblrLabUITests.xctest */,
			);
			name = Products;
			sourceTree = "<group>";
		};
		949EBFC02231D55200C090CE /* TumblrLab */ = {
			isa = PBXGroup;
			children = (
				949EBFC12231D55200C090CE /* AppDelegate.swift */,
				949EBFC52231D55300C090CE /* Main.storyboard */,
				949EBFC82231D55800C090CE /* Assets.xcassets */,
				949EBFCA2231D55800C090CE /* LaunchScreen.storyboard */,
				949EBFCD2231D55800C090CE /* Info.plist */,
				949EBFEF2231D5D300C090CE /* PhotosViewController.swift */,
				946D59F02234AE3000AB6AEE /* PhotoCell.swift */,
			);
			path = TumblrLab;
			sourceTree = "<group>";
		};
		949EBFD52231D55800C090CE /* TumblrLabTests */ = {
			isa = PBXGroup;
			children = (
				949EBFD62231D55800C090CE /* TumblrLabTests.swift */,
				949EBFD82231D55800C090CE /* Info.plist */,
			);
			path = TumblrLabTests;
			sourceTree = "<group>";
		};
		949EBFE02231D55800C090CE /* TumblrLabUITests */ = {
			isa = PBXGroup;
			children = (
				949EBFE12231D55800C090CE /* TumblrLabUITests.swift */,
				949EBFE32231D55900C090CE /* Info.plist */,
			);
			path = TumblrLabUITests;
			sourceTree = "<group>";
		};
		A279C262994ED3CC01EEC5FB /* Pods */ = {
			isa = PBXGroup;
			children = (
				A89108297797780B1CFFBD3D /* Pods-TumblrLab.debug.xcconfig */,
				CDE147AFCF893141060AF68E /* Pods-TumblrLab.release.xcconfig */,
				9BCF13E33227F04C4EEA5DFA /* Pods-TumblrLabTests.debug.xcconfig */,
				3ABB4EEC29833AB9D527D655 /* Pods-TumblrLabTests.release.xcconfig */,
				D2EDA1D941D60580187E35AB /* Pods-TumblrLabUITests.debug.xcconfig */,
				DACCE18728632632068E9DF2 /* Pods-TumblrLabUITests.release.xcconfig */,
			);
			path = Pods;
			sourceTree = "<group>";
		};
/* End PBXGroup section */

/* Begin PBXNativeTarget section */
		949EBFBD2231D55200C090CE /* TumblrLab */ = {
			isa = PBXNativeTarget;
			buildConfigurationList = 949EBFE62231D55900C090CE /* Build configuration list for PBXNativeTarget "TumblrLab" */;
			buildPhases = (
				B167258143AFBFAFB86143F1 /* [CP] Check Pods Manifest.lock */,
				949EBFBA2231D55200C090CE /* Sources */,
				949EBFBB2231D55200C090CE /* Frameworks */,
				949EBFBC2231D55200C090CE /* Resources */,
				462FC0F3DC27070FFE7FA93F /* [CP] Embed Pods Frameworks */,
			);
			buildRules = (
			);
			dependencies = (
			);
			name = TumblrLab;
			productName = TumblrLab;
			productReference = 949EBFBE2231D55200C090CE /* TumblrLab.app */;
			productType = "com.apple.product-type.application";
		};
		949EBFD12231D55800C090CE /* TumblrLabTests */ = {
			isa = PBXNativeTarget;
			buildConfigurationList = 949EBFE92231D55900C090CE /* Build configuration list for PBXNativeTarget "TumblrLabTests" */;
			buildPhases = (
				220080863F5FB2ECE570A11F /* [CP] Check Pods Manifest.lock */,
				949EBFCE2231D55800C090CE /* Sources */,
				949EBFCF2231D55800C090CE /* Frameworks */,
				949EBFD02231D55800C090CE /* Resources */,
			);
			buildRules = (
			);
			dependencies = (
				949EBFD42231D55800C090CE /* PBXTargetDependency */,
			);
			name = TumblrLabTests;
			productName = TumblrLabTests;
			productReference = 949EBFD22231D55800C090CE /* TumblrLabTests.xctest */;
			productType = "com.apple.product-type.bundle.unit-test";
		};
		949EBFDC2231D55800C090CE /* TumblrLabUITests */ = {
			isa = PBXNativeTarget;
			buildConfigurationList = 949EBFEC2231D55900C090CE /* Build configuration list for PBXNativeTarget "TumblrLabUITests" */;
			buildPhases = (
				A76F9FCCD0A15F20D482D260 /* [CP] Check Pods Manifest.lock */,
				949EBFD92231D55800C090CE /* Sources */,
				949EBFDA2231D55800C090CE /* Frameworks */,
				949EBFDB2231D55800C090CE /* Resources */,
			);
			buildRules = (
			);
			dependencies = (
				949EBFDF2231D55800C090CE /* PBXTargetDependency */,
			);
			name = TumblrLabUITests;
			productName = TumblrLabUITests;
			productReference = 949EBFDD2231D55800C090CE /* TumblrLabUITests.xctest */;
			productType = "com.apple.product-type.bundle.ui-testing";
		};
/* End PBXNativeTarget section */

/* Begin PBXProject section */
		949EBFB62231D55200C090CE /* Project object */ = {
			isa = PBXProject;
			attributes = {
				LastSwiftUpdateCheck = 1010;
				LastUpgradeCheck = 1010;
				ORGANIZATIONNAME = "Ryan Downs";
				TargetAttributes = {
					949EBFBD2231D55200C090CE = {
						CreatedOnToolsVersion = 10.1;
					};
					949EBFD12231D55800C090CE = {
						CreatedOnToolsVersion = 10.1;
						TestTargetID = 949EBFBD2231D55200C090CE;
					};
					949EBFDC2231D55800C090CE = {
						CreatedOnToolsVersion = 10.1;
						TestTargetID = 949EBFBD2231D55200C090CE;
					};
				};
			};
			buildConfigurationList = 949EBFB92231D55200C090CE /* Build configuration list for PBXProject "TumblrLab" */;
			compatibilityVersion = "Xcode 9.3";
			developmentRegion = en;
			hasScannedForEncodings = 0;
			knownRegions = (
				en,
				Base,
			);
			mainGroup = 949EBFB52231D55200C090CE;
			productRefGroup = 949EBFBF2231D55200C090CE /* Products */;
			projectDirPath = "";
			projectRoot = "";
			targets = (
				949EBFBD2231D55200C090CE /* TumblrLab */,
				949EBFD12231D55800C090CE /* TumblrLabTests */,
				949EBFDC2231D55800C090CE /* TumblrLabUITests */,
			);
		};
/* End PBXProject section */

/* Begin PBXResourcesBuildPhase section */
		949EBFBC2231D55200C090CE /* Resources */ = {
			isa = PBXResourcesBuildPhase;
			buildActionMask = 2147483647;
			files = (
				949EBFCC2231D55800C090CE /* LaunchScreen.storyboard in Resources */,
				949EBFC92231D55800C090CE /* Assets.xcassets in Resources */,
				949EBFC72231D55300C090CE /* Main.storyboard in Resources */,
			);
			runOnlyForDeploymentPostprocessing = 0;
		};
		949EBFD02231D55800C090CE /* Resources */ = {
			isa = PBXResourcesBuildPhase;
			buildActionMask = 2147483647;
			files = (
			);
			runOnlyForDeploymentPostprocessing = 0;
		};
		949EBFDB2231D55800C090CE /* Resources */ = {
			isa = PBXResourcesBuildPhase;
			buildActionMask = 2147483647;
			files = (
			);
			runOnlyForDeploymentPostprocessing = 0;
		};
/* End PBXResourcesBuildPhase section */

/* Begin PBXShellScriptBuildPhase section */
		220080863F5FB2ECE570A11F /* [CP] Check Pods Manifest.lock */ = {
			isa = PBXShellScriptBuildPhase;
			buildActionMask = 2147483647;
			files = (
			);
			inputFileListPaths = (
			);
			inputPaths = (
				"${PODS_PODFILE_DIR_PATH}/Podfile.lock",
				"${PODS_ROOT}/Manifest.lock",
			);
			name = "[CP] Check Pods Manifest.lock";
			outputFileListPaths = (
			);
			outputPaths = (
				"$(DERIVED_FILE_DIR)/Pods-TumblrLabTests-checkManifestLockResult.txt",
			);
			runOnlyForDeploymentPostprocessing = 0;
			shellPath = /bin/sh;
			shellScript = "diff \"${PODS_PODFILE_DIR_PATH}/Podfile.lock\" \"${PODS_ROOT}/Manifest.lock\" > /dev/null\nif [ $? != 0 ] ; then\n    # print error to STDERR\n    echo \"error: The sandbox is not in sync with the Podfile.lock. Run 'pod install' or update your CocoaPods installation.\" >&2\n    exit 1\nfi\n# This output is used by Xcode 'outputs' to avoid re-running this script phase.\necho \"SUCCESS\" > \"${SCRIPT_OUTPUT_FILE_0}\"\n";
			showEnvVarsInLog = 0;
		};
		462FC0F3DC27070FFE7FA93F /* [CP] Embed Pods Frameworks */ = {
			isa = PBXShellScriptBuildPhase;
			buildActionMask = 2147483647;
			files = (
			);
			inputFileListPaths = (
			);
			inputPaths = (
				"${PODS_ROOT}/Target Support Files/Pods-TumblrLab/Pods-TumblrLab-frameworks.sh",
				"${BUILT_PRODUCTS_DIR}/Alamofire/Alamofire.framework",
				"${BUILT_PRODUCTS_DIR}/AlamofireImage/AlamofireImage.framework",
			);
			name = "[CP] Embed Pods Frameworks";
			outputFileListPaths = (
			);
			outputPaths = (
				"${TARGET_BUILD_DIR}/${FRAMEWORKS_FOLDER_PATH}/Alamofire.framework",
				"${TARGET_BUILD_DIR}/${FRAMEWORKS_FOLDER_PATH}/AlamofireImage.framework",
			);
			runOnlyForDeploymentPostprocessing = 0;
			shellPath = /bin/sh;
			shellScript = "\"${PODS_ROOT}/Target Support Files/Pods-TumblrLab/Pods-TumblrLab-frameworks.sh\"\n";
			showEnvVarsInLog = 0;
		};
		A76F9FCCD0A15F20D482D260 /* [CP] Check Pods Manifest.lock */ = {
			isa = PBXShellScriptBuildPhase;
			buildActionMask = 2147483647;
			files = (
			);
			inputFileListPaths = (
			);
			inputPaths = (
				"${PODS_PODFILE_DIR_PATH}/Podfile.lock",
				"${PODS_ROOT}/Manifest.lock",
			);
			name = "[CP] Check Pods Manifest.lock";
			outputFileListPaths = (
			);
			outputPaths = (
				"$(DERIVED_FILE_DIR)/Pods-TumblrLabUITests-checkManifestLockResult.txt",
			);
			runOnlyForDeploymentPostprocessing = 0;
			shellPath = /bin/sh;
			shellScript = "diff \"${PODS_PODFILE_DIR_PATH}/Podfile.lock\" \"${PODS_ROOT}/Manifest.lock\" > /dev/null\nif [ $? != 0 ] ; then\n    # print error to STDERR\n    echo \"error: The sandbox is not in sync with the Podfile.lock. Run 'pod install' or update your CocoaPods installation.\" >&2\n    exit 1\nfi\n# This output is used by Xcode 'outputs' to avoid re-running this script phase.\necho \"SUCCESS\" > \"${SCRIPT_OUTPUT_FILE_0}\"\n";
			showEnvVarsInLog = 0;
		};
		B167258143AFBFAFB86143F1 /* [CP] Check Pods Manifest.lock */ = {
			isa = PBXShellScriptBuildPhase;
			buildActionMask = 2147483647;
			files = (
			);
			inputFileListPaths = (
			);
			inputPaths = (
				"${PODS_PODFILE_DIR_PATH}/Podfile.lock",
				"${PODS_ROOT}/Manifest.lock",
			);
			name = "[CP] Check Pods Manifest.lock";
			outputFileListPaths = (
			);
			outputPaths = (
				"$(DERIVED_FILE_DIR)/Pods-TumblrLab-checkManifestLockResult.txt",
			);
			runOnlyForDeploymentPostprocessing = 0;
			shellPath = /bin/sh;
			shellScript = "diff \"${PODS_PODFILE_DIR_PATH}/Podfile.lock\" \"${PODS_ROOT}/Manifest.lock\" > /dev/null\nif [ $? != 0 ] ; then\n    # print error to STDERR\n    echo \"error: The sandbox is not in sync with the Podfile.lock. Run 'pod install' or update your CocoaPods installation.\" >&2\n    exit 1\nfi\n# This output is used by Xcode 'outputs' to avoid re-running this script phase.\necho \"SUCCESS\" > \"${SCRIPT_OUTPUT_FILE_0}\"\n";
			showEnvVarsInLog = 0;
		};
/* End PBXShellScriptBuildPhase section */

/* Begin PBXSourcesBuildPhase section */
		949EBFBA2231D55200C090CE /* Sources */ = {
			isa = PBXSourcesBuildPhase;
			buildActionMask = 2147483647;
			files = (
				949EBFC22231D55200C090CE /* AppDelegate.swift in Sources */,
				946D59F12234AE3000AB6AEE /* PhotoCell.swift in Sources */,
				949EBFF02231D5D300C090CE /* PhotosViewController.swift in Sources */,
			);
			runOnlyForDeploymentPostprocessing = 0;
		};
		949EBFCE2231D55800C090CE /* Sources */ = {
			isa = PBXSourcesBuildPhase;
			buildActionMask = 2147483647;
			files = (
				949EBFD72231D55800C090CE /* TumblrLabTests.swift in Sources */,
			);
			runOnlyForDeploymentPostprocessing = 0;
		};
		949EBFD92231D55800C090CE /* Sources */ = {
			isa = PBXSourcesBuildPhase;
			buildActionMask = 2147483647;
			files = (
				949EBFE22231D55800C090CE /* TumblrLabUITests.swift in Sources */,
			);
			runOnlyForDeploymentPostprocessing = 0;
		};
/* End PBXSourcesBuildPhase section */

/* Begin PBXTargetDependency section */
		949EBFD42231D55800C090CE /* PBXTargetDependency */ = {
			isa = PBXTargetDependency;
			target = 949EBFBD2231D55200C090CE /* TumblrLab */;
			targetProxy = 949EBFD32231D55800C090CE /* PBXContainerItemProxy */;
		};
		949EBFDF2231D55800C090CE /* PBXTargetDependency */ = {
			isa = PBXTargetDependency;
			target = 949EBFBD2231D55200C090CE /* TumblrLab */;
			targetProxy = 949EBFDE2231D55800C090CE /* PBXContainerItemProxy */;
		};
/* End PBXTargetDependency section */

/* Begin PBXVariantGroup section */
		949EBFC52231D55300C090CE /* Main.storyboard */ = {
			isa = PBXVariantGroup;
			children = (
				949EBFC62231D55300C090CE /* Base */,
			);
			name = Main.storyboard;
			sourceTree = "<group>";
		};
		949EBFCA2231D55800C090CE /* LaunchScreen.storyboard */ = {
			isa = PBXVariantGroup;
			children = (
				949EBFCB2231D55800C090CE /* Base */,
			);
			name = LaunchScreen.storyboard;
			sourceTree = "<group>";
		};
/* End PBXVariantGroup section */

/* Begin XCBuildConfiguration section */
		949EBFE42231D55900C090CE /* Debug */ = {
			isa = XCBuildConfiguration;
			buildSettings = {
				ALWAYS_SEARCH_USER_PATHS = NO;
				CLANG_ANALYZER_NONNULL = YES;
				CLANG_ANALYZER_NUMBER_OBJECT_CONVERSION = YES_AGGRESSIVE;
				CLANG_CXX_LANGUAGE_STANDARD = "gnu++14";
				CLANG_CXX_LIBRARY = "libc++";
				CLANG_ENABLE_MODULES = YES;
				CLANG_ENABLE_OBJC_ARC = YES;
				CLANG_ENABLE_OBJC_WEAK = YES;
				CLANG_WARN_BLOCK_CAPTURE_AUTORELEASING = YES;
				CLANG_WARN_BOOL_CONVERSION = YES;
				CLANG_WARN_COMMA = YES;
				CLANG_WARN_CONSTANT_CONVERSION = YES;
				CLANG_WARN_DEPRECATED_OBJC_IMPLEMENTATIONS = YES;
				CLANG_WARN_DIRECT_OBJC_ISA_USAGE = YES_ERROR;
				CLANG_WARN_DOCUMENTATION_COMMENTS = YES;
				CLANG_WARN_EMPTY_BODY = YES;
				CLANG_WARN_ENUM_CONVERSION = YES;
				CLANG_WARN_INFINITE_RECURSION = YES;
				CLANG_WARN_INT_CONVERSION = YES;
				CLANG_WARN_NON_LITERAL_NULL_CONVERSION = YES;
				CLANG_WARN_OBJC_IMPLICIT_RETAIN_SELF = YES;
				CLANG_WARN_OBJC_LITERAL_CONVERSION = YES;
				CLANG_WARN_OBJC_ROOT_CLASS = YES_ERROR;
				CLANG_WARN_RANGE_LOOP_ANALYSIS = YES;
				CLANG_WARN_STRICT_PROTOTYPES = YES;
				CLANG_WARN_SUSPICIOUS_MOVE = YES;
				CLANG_WARN_UNGUARDED_AVAILABILITY = YES_AGGRESSIVE;
				CLANG_WARN_UNREACHABLE_CODE = YES;
				CLANG_WARN__DUPLICATE_METHOD_MATCH = YES;
				CODE_SIGN_IDENTITY = "iPhone Developer";
				COPY_PHASE_STRIP = NO;
				DEBUG_INFORMATION_FORMAT = dwarf;
				ENABLE_STRICT_OBJC_MSGSEND = YES;
				ENABLE_TESTABILITY = YES;
				GCC_C_LANGUAGE_STANDARD = gnu11;
				GCC_DYNAMIC_NO_PIC = NO;
				GCC_NO_COMMON_BLOCKS = YES;
				GCC_OPTIMIZATION_LEVEL = 0;
				GCC_PREPROCESSOR_DEFINITIONS = (
					"DEBUG=1",
					"$(inherited)",
				);
				GCC_WARN_64_TO_32_BIT_CONVERSION = YES;
				GCC_WARN_ABOUT_RETURN_TYPE = YES_ERROR;
				GCC_WARN_UNDECLARED_SELECTOR = YES;
				GCC_WARN_UNINITIALIZED_AUTOS = YES_AGGRESSIVE;
				GCC_WARN_UNUSED_FUNCTION = YES;
				GCC_WARN_UNUSED_VARIABLE = YES;
				IPHONEOS_DEPLOYMENT_TARGET = 12.1;
				MTL_ENABLE_DEBUG_INFO = INCLUDE_SOURCE;
				MTL_FAST_MATH = YES;
				ONLY_ACTIVE_ARCH = YES;
				SDKROOT = iphoneos;
				SWIFT_ACTIVE_COMPILATION_CONDITIONS = DEBUG;
				SWIFT_OPTIMIZATION_LEVEL = "-Onone";
			};
			name = Debug;
		};
		949EBFE52231D55900C090CE /* Release */ = {
			isa = XCBuildConfiguration;
			buildSettings = {
				ALWAYS_SEARCH_USER_PATHS = NO;
				CLANG_ANALYZER_NONNULL = YES;
				CLANG_ANALYZER_NUMBER_OBJECT_CONVERSION = YES_AGGRESSIVE;
				CLANG_CXX_LANGUAGE_STANDARD = "gnu++14";
				CLANG_CXX_LIBRARY = "libc++";
				CLANG_ENABLE_MODULES = YES;
				CLANG_ENABLE_OBJC_ARC = YES;
				CLANG_ENABLE_OBJC_WEAK = YES;
				CLANG_WARN_BLOCK_CAPTURE_AUTORELEASING = YES;
				CLANG_WARN_BOOL_CONVERSION = YES;
				CLANG_WARN_COMMA = YES;
				CLANG_WARN_CONSTANT_CONVERSION = YES;
				CLANG_WARN_DEPRECATED_OBJC_IMPLEMENTATIONS = YES;
				CLANG_WARN_DIRECT_OBJC_ISA_USAGE = YES_ERROR;
				CLANG_WARN_DOCUMENTATION_COMMENTS = YES;
				CLANG_WARN_EMPTY_BODY = YES;
				CLANG_WARN_ENUM_CONVERSION = YES;
				CLANG_WARN_INFINITE_RECURSION = YES;
				CLANG_WARN_INT_CONVERSION = YES;
				CLANG_WARN_NON_LITERAL_NULL_CONVERSION = YES;
				CLANG_WARN_OBJC_IMPLICIT_RETAIN_SELF = YES;
				CLANG_WARN_OBJC_LITERAL_CONVERSION = YES;
				CLANG_WARN_OBJC_ROOT_CLASS = YES_ERROR;
				CLANG_WARN_RANGE_LOOP_ANALYSIS = YES;
				CLANG_WARN_STRICT_PROTOTYPES = YES;
				CLANG_WARN_SUSPICIOUS_MOVE = YES;
				CLANG_WARN_UNGUARDED_AVAILABILITY = YES_AGGRESSIVE;
				CLANG_WARN_UNREACHABLE_CODE = YES;
				CLANG_WARN__DUPLICATE_METHOD_MATCH = YES;
				CODE_SIGN_IDENTITY = "iPhone Developer";
				COPY_PHASE_STRIP = NO;
				DEBUG_INFORMATION_FORMAT = "dwarf-with-dsym";
				ENABLE_NS_ASSERTIONS = NO;
				ENABLE_STRICT_OBJC_MSGSEND = YES;
				GCC_C_LANGUAGE_STANDARD = gnu11;
				GCC_NO_COMMON_BLOCKS = YES;
				GCC_WARN_64_TO_32_BIT_CONVERSION = YES;
				GCC_WARN_ABOUT_RETURN_TYPE = YES_ERROR;
				GCC_WARN_UNDECLARED_SELECTOR = YES;
				GCC_WARN_UNINITIALIZED_AUTOS = YES_AGGRESSIVE;
				GCC_WARN_UNUSED_FUNCTION = YES;
				GCC_WARN_UNUSED_VARIABLE = YES;
				IPHONEOS_DEPLOYMENT_TARGET = 12.1;
				MTL_ENABLE_DEBUG_INFO = NO;
				MTL_FAST_MATH = YES;
				SDKROOT = iphoneos;
				SWIFT_COMPILATION_MODE = wholemodule;
				SWIFT_OPTIMIZATION_LEVEL = "-O";
				VALIDATE_PRODUCT = YES;
			};
			name = Release;
		};
		949EBFE72231D55900C090CE /* Debug */ = {
			isa = XCBuildConfiguration;
			baseConfigurationReference = A89108297797780B1CFFBD3D /* Pods-TumblrLab.debug.xcconfig */;
			buildSettings = {
				ASSETCATALOG_COMPILER_APPICON_NAME = AppIcon;
				CODE_SIGN_IDENTITY = "iPhone Developer";
				CODE_SIGN_STYLE = Automatic;
				DEVELOPMENT_TEAM = 6H945F5A34;
				INFOPLIST_FILE = TumblrLab/Info.plist;
				IPHONEOS_DEPLOYMENT_TARGET = 12.1;
				LD_RUNPATH_SEARCH_PATHS = (
					"$(inherited)",
					"@executable_path/Frameworks",
				);
				PRODUCT_BUNDLE_IDENTIFIER = ryan.TumblrLab;
				PRODUCT_NAME = "$(TARGET_NAME)";
				PROVISIONING_PROFILE_SPECIFIER = "";
				SWIFT_VERSION = 4.2;
				TARGETED_DEVICE_FAMILY = "1,2";
			};
			name = Debug;
		};
		949EBFE82231D55900C090CE /* Release */ = {
			isa = XCBuildConfiguration;
			baseConfigurationReference = CDE147AFCF893141060AF68E /* Pods-TumblrLab.release.xcconfig */;
			buildSettings = {
				ASSETCATALOG_COMPILER_APPICON_NAME = AppIcon;
				CODE_SIGN_IDENTITY = "iPhone Developer";
				CODE_SIGN_STYLE = Automatic;
				DEVELOPMENT_TEAM = 6H945F5A34;
				INFOPLIST_FILE = TumblrLab/Info.plist;
				IPHONEOS_DEPLOYMENT_TARGET = 12.1;
				LD_RUNPATH_SEARCH_PATHS = (
					"$(inherited)",
					"@executable_path/Frameworks",
				);
				PRODUCT_BUNDLE_IDENTIFIER = ryan.TumblrLab;
				PRODUCT_NAME = "$(TARGET_NAME)";
				PROVISIONING_PROFILE_SPECIFIER = "";
				SWIFT_VERSION = 4.2;
				TARGETED_DEVICE_FAMILY = "1,2";
			};
			name = Release;
		};
		949EBFEA2231D55900C090CE /* Debug */ = {
			isa = XCBuildConfiguration;
			baseConfigurationReference = 9BCF13E33227F04C4EEA5DFA /* Pods-TumblrLabTests.debug.xcconfig */;
			buildSettings = {
				ALWAYS_EMBED_SWIFT_STANDARD_LIBRARIES = YES;
				BUNDLE_LOADER = "$(TEST_HOST)";
				CODE_SIGN_STYLE = Automatic;
				INFOPLIST_FILE = TumblrLabTests/Info.plist;
				LD_RUNPATH_SEARCH_PATHS = (
					"$(inherited)",
					"@executable_path/Frameworks",
					"@loader_path/Frameworks",
				);
				PRODUCT_BUNDLE_IDENTIFIER = ryan.TumblrLabTests;
				PRODUCT_NAME = "$(TARGET_NAME)";
				SWIFT_VERSION = 4.2;
				TARGETED_DEVICE_FAMILY = "1,2";
				TEST_HOST = "$(BUILT_PRODUCTS_DIR)/TumblrLab.app/TumblrLab";
			};
			name = Debug;
		};
		949EBFEB2231D55900C090CE /* Release */ = {
			isa = XCBuildConfiguration;
			baseConfigurationReference = 3ABB4EEC29833AB9D527D655 /* Pods-TumblrLabTests.release.xcconfig */;
			buildSettings = {
				ALWAYS_EMBED_SWIFT_STANDARD_LIBRARIES = YES;
				BUNDLE_LOADER = "$(TEST_HOST)";
				CODE_SIGN_STYLE = Automatic;
				INFOPLIST_FILE = TumblrLabTests/Info.plist;
				LD_RUNPATH_SEARCH_PATHS = (
					"$(inherited)",
					"@executable_path/Frameworks",
					"@loader_path/Frameworks",
				);
				PRODUCT_BUNDLE_IDENTIFIER = ryan.TumblrLabTests;
				PRODUCT_NAME = "$(TARGET_NAME)";
				SWIFT_VERSION = 4.2;
				TARGETED_DEVICE_FAMILY = "1,2";
				TEST_HOST = "$(BUILT_PRODUCTS_DIR)/TumblrLab.app/TumblrLab";
			};
			name = Release;
		};
		949EBFED2231D55900C090CE /* Debug */ = {
			isa = XCBuildConfiguration;
			baseConfigurationReference = D2EDA1D941D60580187E35AB /* Pods-TumblrLabUITests.debug.xcconfig */;
			buildSettings = {
				ALWAYS_EMBED_SWIFT_STANDARD_LIBRARIES = YES;
				CODE_SIGN_STYLE = Automatic;
				INFOPLIST_FILE = TumblrLabUITests/Info.plist;
				LD_RUNPATH_SEARCH_PATHS = (
					"$(inherited)",
					"@executable_path/Frameworks",
					"@loader_path/Frameworks",
				);
				PRODUCT_BUNDLE_IDENTIFIER = ryan.TumblrLabUITests;
				PRODUCT_NAME = "$(TARGET_NAME)";
				SWIFT_VERSION = 4.2;
				TARGETED_DEVICE_FAMILY = "1,2";
				TEST_TARGET_NAME = TumblrLab;
			};
			name = Debug;
		};
		949EBFEE2231D55900C090CE /* Release */ = {
			isa = XCBuildConfiguration;
			baseConfigurationReference = DACCE18728632632068E9DF2 /* Pods-TumblrLabUITests.release.xcconfig */;
			buildSettings = {
				ALWAYS_EMBED_SWIFT_STANDARD_LIBRARIES = YES;
				CODE_SIGN_STYLE = Automatic;
				INFOPLIST_FILE = TumblrLabUITests/Info.plist;
				LD_RUNPATH_SEARCH_PATHS = (
					"$(inherited)",
					"@executable_path/Frameworks",
					"@loader_path/Frameworks",
				);
				PRODUCT_BUNDLE_IDENTIFIER = ryan.TumblrLabUITests;
				PRODUCT_NAME = "$(TARGET_NAME)";
				SWIFT_VERSION = 4.2;
				TARGETED_DEVICE_FAMILY = "1,2";
				TEST_TARGET_NAME = TumblrLab;
			};
			name = Release;
		};
/* End XCBuildConfiguration section */

/* Begin XCConfigurationList section */
		949EBFB92231D55200C090CE /* Build configuration list for PBXProject "TumblrLab" */ = {
			isa = XCConfigurationList;
			buildConfigurations = (
				949EBFE42231D55900C090CE /* Debug */,
				949EBFE52231D55900C090CE /* Release */,
			);
			defaultConfigurationIsVisible = 0;
			defaultConfigurationName = Release;
		};
		949EBFE62231D55900C090CE /* Build configuration list for PBXNativeTarget "TumblrLab" */ = {
			isa = XCConfigurationList;
			buildConfigurations = (
				949EBFE72231D55900C090CE /* Debug */,
				949EBFE82231D55900C090CE /* Release */,
			);
			defaultConfigurationIsVisible = 0;
			defaultConfigurationName = Release;
		};
		949EBFE92231D55900C090CE /* Build configuration list for PBXNativeTarget "TumblrLabTests" */ = {
			isa = XCConfigurationList;
			buildConfigurations = (
				949EBFEA2231D55900C090CE /* Debug */,
				949EBFEB2231D55900C090CE /* Release */,
			);
			defaultConfigurationIsVisible = 0;
			defaultConfigurationName = Release;
		};
		949EBFEC2231D55900C090CE /* Build configuration list for PBXNativeTarget "TumblrLabUITests" */ = {
			isa = XCConfigurationList;
			buildConfigurations = (
				949EBFED2231D55900C090CE /* Debug */,
				949EBFEE2231D55900C090CE /* Release */,
			);
			defaultConfigurationIsVisible = 0;
			defaultConfigurationName = Release;
		};
/* End XCConfigurationList section */
	};
	rootObject = 949EBFB62231D55200C090CE /* Project object */;
}
